# This file is automatically @generated by Cargo.
# It is not intended for manual editing.
version = 3

[[package]]
name = "bitstream-rs"
version = "0.2.0"
source = "registry+https://github.com/rust-lang/crates.io-index"
checksum = "eb547f8b290a2aa489a93ef0f4030080cdf122ba1790ac530384eef3b8ac3cc8"

[[package]]
name = "jsonb"
version = "0.1.0"
dependencies = [
 "bitstream-rs",
]
